// !$*UTF8*$!
{
	archiveVersion = 1;
	classes = {
	};
	objectVersion = 50;
	objects = {

/* Begin PBXBuildFile section */
		6AF935BB2448EF6400BC2EA4 /* AppDelegate.swift in Sources */ = {isa = PBXBuildFile; fileRef = 6AF935BA2448EF6400BC2EA4 /* AppDelegate.swift */; };
		6AF935BD2448EF6400BC2EA4 /* SceneDelegate.swift in Sources */ = {isa = PBXBuildFile; fileRef = 6AF935BC2448EF6400BC2EA4 /* SceneDelegate.swift */; };
		6AF935BF2448EF6400BC2EA4 /* ViewController.swift in Sources */ = {isa = PBXBuildFile; fileRef = 6AF935BE2448EF6400BC2EA4 /* ViewController.swift */; };
		6AF935C22448EF6400BC2EA4 /* Main.storyboard in Resources */ = {isa = PBXBuildFile; fileRef = 6AF935C02448EF6400BC2EA4 /* Main.storyboard */; };
		6AF935C42448EF6600BC2EA4 /* Assets.xcassets in Resources */ = {isa = PBXBuildFile; fileRef = 6AF935C32448EF6600BC2EA4 /* Assets.xcassets */; };
		6AF935C72448EF6600BC2EA4 /* LaunchScreen.storyboard in Resources */ = {isa = PBXBuildFile; fileRef = 6AF935C52448EF6600BC2EA4 /* LaunchScreen.storyboard */; };
		6AF935D22448EF6700BC2EA4 /* FoodPages_Tests.swift in Sources */ = {isa = PBXBuildFile; fileRef = 6AF935D12448EF6700BC2EA4 /* FoodPages_Tests.swift */; };
		6AF935DD2448EF6700BC2EA4 /* FoodPages_UITests.swift in Sources */ = {isa = PBXBuildFile; fileRef = 6AF935DC2448EF6700BC2EA4 /* FoodPages_UITests.swift */; };
		6AF935EB2449068400BC2EA4 /* RatingControl.swift in Sources */ = {isa = PBXBuildFile; fileRef = 6AF935EA2449068400BC2EA4 /* RatingControl.swift */; };
		6AF935ED244A299300BC2EA4 /* Meal.swift in Sources */ = {isa = PBXBuildFile; fileRef = 6AF935EC244A299300BC2EA4 /* Meal.swift */; };
		6AF935EF244A400900BC2EA4 /* MealTableViewCell.swift in Sources */ = {isa = PBXBuildFile; fileRef = 6AF935EE244A400900BC2EA4 /* MealTableViewCell.swift */; };
		6AF935F1244A595200BC2EA4 /* MealTableViewController.swift in Sources */ = {isa = PBXBuildFile; fileRef = 6AF935F0244A595200BC2EA4 /* MealTableViewController.swift */; };
/* End PBXBuildFile section */

/* Begin PBXContainerItemProxy section */
		6AF935CE2448EF6700BC2EA4 /* PBXContainerItemProxy */ = {
			isa = PBXContainerItemProxy;
			containerPortal = 6AF935AF2448EF6400BC2EA4 /* Project object */;
			proxyType = 1;
			remoteGlobalIDString = 6AF935B62448EF6400BC2EA4;
			remoteInfo = "FoodPages!";
		};
		6AF935D92448EF6700BC2EA4 /* PBXContainerItemProxy */ = {
			isa = PBXContainerItemProxy;
			containerPortal = 6AF935AF2448EF6400BC2EA4 /* Project object */;
			proxyType = 1;
			remoteGlobalIDString = 6AF935B62448EF6400BC2EA4;
			remoteInfo = "FoodPages!";
		};
/* End PBXContainerItemProxy section */

/* Begin PBXFileReference section */
		6AF935B72448EF6400BC2EA4 /* FoodPages!.app */ = {isa = PBXFileReference; explicitFileType = wrapper.application; includeInIndex = 0; path = "FoodPages!.app"; sourceTree = BUILT_PRODUCTS_DIR; };
		6AF935BA2448EF6400BC2EA4 /* AppDelegate.swift */ = {isa = PBXFileReference; lastKnownFileType = sourcecode.swift; path = AppDelegate.swift; sourceTree = "<group>"; };
		6AF935BC2448EF6400BC2EA4 /* SceneDelegate.swift */ = {isa = PBXFileReference; lastKnownFileType = sourcecode.swift; path = SceneDelegate.swift; sourceTree = "<group>"; };
		6AF935BE2448EF6400BC2EA4 /* ViewController.swift */ = {isa = PBXFileReference; lastKnownFileType = sourcecode.swift; path = ViewController.swift; sourceTree = "<group>"; };
		6AF935C12448EF6400BC2EA4 /* Base */ = {isa = PBXFileReference; lastKnownFileType = file.storyboard; name = Base; path = Base.lproj/Main.storyboard; sourceTree = "<group>"; };
		6AF935C32448EF6600BC2EA4 /* Assets.xcassets */ = {isa = PBXFileReference; lastKnownFileType = folder.assetcatalog; path = Assets.xcassets; sourceTree = "<group>"; };
		6AF935C62448EF6600BC2EA4 /* Base */ = {isa = PBXFileReference; lastKnownFileType = file.storyboard; name = Base; path = Base.lproj/LaunchScreen.storyboard; sourceTree = "<group>"; };
		6AF935C82448EF6600BC2EA4 /* Info.plist */ = {isa = PBXFileReference; lastKnownFileType = text.plist.xml; path = Info.plist; sourceTree = "<group>"; };
		6AF935CD2448EF6700BC2EA4 /* FoodPages!Tests.xctest */ = {isa = PBXFileReference; explicitFileType = wrapper.cfbundle; includeInIndex = 0; path = "FoodPages!Tests.xctest"; sourceTree = BUILT_PRODUCTS_DIR; };
		6AF935D12448EF6700BC2EA4 /* FoodPages_Tests.swift */ = {isa = PBXFileReference; lastKnownFileType = sourcecode.swift; path = FoodPages_Tests.swift; sourceTree = "<group>"; };
		6AF935D32448EF6700BC2EA4 /* Info.plist */ = {isa = PBXFileReference; lastKnownFileType = text.plist.xml; path = Info.plist; sourceTree = "<group>"; };
		6AF935D82448EF6700BC2EA4 /* FoodPages!UITests.xctest */ = {isa = PBXFileReference; explicitFileType = wrapper.cfbundle; includeInIndex = 0; path = "FoodPages!UITests.xctest"; sourceTree = BUILT_PRODUCTS_DIR; };
		6AF935DC2448EF6700BC2EA4 /* FoodPages_UITests.swift */ = {isa = PBXFileReference; lastKnownFileType = sourcecode.swift; path = FoodPages_UITests.swift; sourceTree = "<group>"; };
		6AF935DE2448EF6700BC2EA4 /* Info.plist */ = {isa = PBXFileReference; lastKnownFileType = text.plist.xml; path = Info.plist; sourceTree = "<group>"; };
		6AF935EA2449068400BC2EA4 /* RatingControl.swift */ = {isa = PBXFileReference; lastKnownFileType = sourcecode.swift; path = RatingControl.swift; sourceTree = "<group>"; };
		6AF935EC244A299300BC2EA4 /* Meal.swift */ = {isa = PBXFileReference; lastKnownFileType = sourcecode.swift; path = Meal.swift; sourceTree = "<group>"; };
		6AF935EE244A400900BC2EA4 /* MealTableViewCell.swift */ = {isa = PBXFileReference; lastKnownFileType = sourcecode.swift; path = MealTableViewCell.swift; sourceTree = "<group>"; };
		6AF935F0244A595200BC2EA4 /* MealTableViewController.swift */ = {isa = PBXFileReference; lastKnownFileType = sourcecode.swift; path = MealTableViewController.swift; sourceTree = "<group>"; };
/* End PBXFileReference section */

/* Begin PBXFrameworksBuildPhase section */
		6AF935B42448EF6400BC2EA4 /* Frameworks */ = {
			isa = PBXFrameworksBuildPhase;
			buildActionMask = 2147483647;
			files = (
			);
			runOnlyForDeploymentPostprocessing = 0;
		};
		6AF935CA2448EF6700BC2EA4 /* Frameworks */ = {
			isa = PBXFrameworksBuildPhase;
			buildActionMask = 2147483647;
			files = (
			);
			runOnlyForDeploymentPostprocessing = 0;
		};
		6AF935D52448EF6700BC2EA4 /* Frameworks */ = {
			isa = PBXFrameworksBuildPhase;
			buildActionMask = 2147483647;
			files = (
			);
			runOnlyForDeploymentPostprocessing = 0;
		};
/* End PBXFrameworksBuildPhase section */

/* Begin PBXGroup section */
		6AF935AE2448EF6400BC2EA4 = {
			isa = PBXGroup;
			children = (
				6AF935B92448EF6400BC2EA4 /* FoodPages! */,
				6AF935D02448EF6700BC2EA4 /* FoodPages!Tests */,
				6AF935DB2448EF6700BC2EA4 /* FoodPages!UITests */,
				6AF935B82448EF6400BC2EA4 /* Products */,
			);
			sourceTree = "<group>";
		};
		6AF935B82448EF6400BC2EA4 /* Products */ = {
			isa = PBXGroup;
			children = (
				6AF935B72448EF6400BC2EA4 /* FoodPages!.app */,
				6AF935CD2448EF6700BC2EA4 /* FoodPages!Tests.xctest */,
				6AF935D82448EF6700BC2EA4 /* FoodPages!UITests.xctest */,
			);
			name = Products;
			sourceTree = "<group>";
		};
		6AF935B92448EF6400BC2EA4 /* FoodPages! */ = {
			isa = PBXGroup;
			children = (
				6AF935BA2448EF6400BC2EA4 /* AppDelegate.swift */,
				6AF935BC2448EF6400BC2EA4 /* SceneDelegate.swift */,
				6AF935BE2448EF6400BC2EA4 /* ViewController.swift */,
				6AF935EC244A299300BC2EA4 /* Meal.swift */,
				6AF935EA2449068400BC2EA4 /* RatingControl.swift */,
				6AF935EE244A400900BC2EA4 /* MealTableViewCell.swift */,
				6AF935F0244A595200BC2EA4 /* MealTableViewController.swift */,
				6AF935C02448EF6400BC2EA4 /* Main.storyboard */,
				6AF935C32448EF6600BC2EA4 /* Assets.xcassets */,
				6AF935C52448EF6600BC2EA4 /* LaunchScreen.storyboard */,
				6AF935C82448EF6600BC2EA4 /* Info.plist */,
			);
			path = "FoodPages!";
			sourceTree = "<group>";
		};
		6AF935D02448EF6700BC2EA4 /* FoodPages!Tests */ = {
			isa = PBXGroup;
			children = (
				6AF935D12448EF6700BC2EA4 /* FoodPages_Tests.swift */,
				6AF935D32448EF6700BC2EA4 /* Info.plist */,
			);
			path = "FoodPages!Tests";
			sourceTree = "<group>";
		};
		6AF935DB2448EF6700BC2EA4 /* FoodPages!UITests */ = {
			isa = PBXGroup;
			children = (
				6AF935DC2448EF6700BC2EA4 /* FoodPages_UITests.swift */,
				6AF935DE2448EF6700BC2EA4 /* Info.plist */,
			);
			path = "FoodPages!UITests";
			sourceTree = "<group>";
		};
/* End PBXGroup section */

/* Begin PBXNativeTarget section */
		6AF935B62448EF6400BC2EA4 /* FoodPages! */ = {
			isa = PBXNativeTarget;
			buildConfigurationList = 6AF935E12448EF6700BC2EA4 /* Build configuration list for PBXNativeTarget "FoodPages!" */;
			buildPhases = (
				6AF935B32448EF6400BC2EA4 /* Sources */,
				6AF935B42448EF6400BC2EA4 /* Frameworks */,
				6AF935B52448EF6400BC2EA4 /* Resources */,
			);
			buildRules = (
			);
			dependencies = (
			);
			name = "FoodPages!";
			productName = "FoodPages!";
			productReference = 6AF935B72448EF6400BC2EA4 /* FoodPages!.app */;
			productType = "com.apple.product-type.application";
		};
		6AF935CC2448EF6700BC2EA4 /* FoodPages!Tests */ = {
			isa = PBXNativeTarget;
			buildConfigurationList = 6AF935E42448EF6700BC2EA4 /* Build configuration list for PBXNativeTarget "FoodPages!Tests" */;
			buildPhases = (
				6AF935C92448EF6700BC2EA4 /* Sources */,
				6AF935CA2448EF6700BC2EA4 /* Frameworks */,
				6AF935CB2448EF6700BC2EA4 /* Resources */,
			);
			buildRules = (
			);
			dependencies = (
				6AF935CF2448EF6700BC2EA4 /* PBXTargetDependency */,
			);
			name = "FoodPages!Tests";
			productName = "FoodPages!Tests";
			productReference = 6AF935CD2448EF6700BC2EA4 /* FoodPages!Tests.xctest */;
			productType = "com.apple.product-type.bundle.unit-test";
		};
		6AF935D72448EF6700BC2EA4 /* FoodPages!UITests */ = {
			isa = PBXNativeTarget;
			buildConfigurationList = 6AF935E72448EF6700BC2EA4 /* Build configuration list for PBXNativeTarget "FoodPages!UITests" */;
			buildPhases = (
				6AF935D42448EF6700BC2EA4 /* Sources */,
				6AF935D52448EF6700BC2EA4 /* Frameworks */,
				6AF935D62448EF6700BC2EA4 /* Resources */,
			);
			buildRules = (
			);
			dependencies = (
				6AF935DA2448EF6700BC2EA4 /* PBXTargetDependency */,
			);
			name = "FoodPages!UITests";
			productName = "FoodPages!UITests";
			productReference = 6AF935D82448EF6700BC2EA4 /* FoodPages!UITests.xctest */;
			productType = "com.apple.product-type.bundle.ui-testing";
		};
/* End PBXNativeTarget section */

/* Begin PBXProject section */
		6AF935AF2448EF6400BC2EA4 /* Project object */ = {
			isa = PBXProject;
			attributes = {
				LastSwiftUpdateCheck = 1120;
				LastUpgradeCheck = 1120;
				ORGANIZATIONNAME = "Foster Taylor";
				TargetAttributes = {
					6AF935B62448EF6400BC2EA4 = {
						CreatedOnToolsVersion = 11.2.1;
					};
					6AF935CC2448EF6700BC2EA4 = {
						CreatedOnToolsVersion = 11.2.1;
						TestTargetID = 6AF935B62448EF6400BC2EA4;
					};
					6AF935D72448EF6700BC2EA4 = {
						CreatedOnToolsVersion = 11.2.1;
						TestTargetID = 6AF935B62448EF6400BC2EA4;
					};
				};
			};
			buildConfigurationList = 6AF935B22448EF6400BC2EA4 /* Build configuration list for PBXProject "FoodPages!" */;
			compatibilityVersion = "Xcode 9.3";
			developmentRegion = en;
			hasScannedForEncodings = 0;
			knownRegions = (
				en,
				Base,
			);
			mainGroup = 6AF935AE2448EF6400BC2EA4;
			productRefGroup = 6AF935B82448EF6400BC2EA4 /* Products */;
			projectDirPath = "";
			projectRoot = "";
			targets = (
				6AF935B62448EF6400BC2EA4 /* FoodPages! */,
				6AF935CC2448EF6700BC2EA4 /* FoodPages!Tests */,
				6AF935D72448EF6700BC2EA4 /* FoodPages!UITests */,
			);
		};
/* End PBXProject section */

/* Begin PBXResourcesBuildPhase section */
		6AF935B52448EF6400BC2EA4 /* Resources */ = {
			isa = PBXResourcesBuildPhase;
			buildActionMask = 2147483647;
			files = (
				6AF935C72448EF6600BC2EA4 /* LaunchScreen.storyboard in Resources */,
				6AF935C42448EF6600BC2EA4 /* Assets.xcassets in Resources */,
				6AF935C22448EF6400BC2EA4 /* Main.storyboard in Resources */,
			);
			runOnlyForDeploymentPostprocessing = 0;
		};
		6AF935CB2448EF6700BC2EA4 /* Resources */ = {
			isa = PBXResourcesBuildPhase;
			buildActionMask = 2147483647;
			files = (
			);
			runOnlyForDeploymentPostprocessing = 0;
		};
		6AF935D62448EF6700BC2EA4 /* Resources */ = {
			isa = PBXResourcesBuildPhase;
			buildActionMask = 2147483647;
			files = (
			);
			runOnlyForDeploymentPostprocessing = 0;
		};
/* End PBXResourcesBuildPhase section */

/* Begin PBXSourcesBuildPhase section */
		6AF935B32448EF6400BC2EA4 /* Sources */ = {
			isa = PBXSourcesBuildPhase;
			buildActionMask = 2147483647;
			files = (
				6AF935ED244A299300BC2EA4 /* Meal.swift in Sources */,
				6AF935EB2449068400BC2EA4 /* RatingControl.swift in Sources */,
				6AF935F1244A595200BC2EA4 /* MealTableViewController.swift in Sources */,
				6AF935EF244A400900BC2EA4 /* MealTableViewCell.swift in Sources */,
				6AF935BF2448EF6400BC2EA4 /* ViewController.swift in Sources */,
				6AF935BB2448EF6400BC2EA4 /* AppDelegate.swift in Sources */,
				6AF935BD2448EF6400BC2EA4 /* SceneDelegate.swift in Sources */,
			);
			runOnlyForDeploymentPostprocessing = 0;
		};
		6AF935C92448EF6700BC2EA4 /* Sources */ = {
			isa = PBXSourcesBuildPhase;
			buildActionMask = 2147483647;
			files = (
				6AF935D22448EF6700BC2EA4 /* FoodPages_Tests.swift in Sources */,
			);
			runOnlyForDeploymentPostprocessing = 0;
		};
		6AF935D42448EF6700BC2EA4 /* Sources */ = {
			isa = PBXSourcesBuildPhase;
			buildActionMask = 2147483647;
			files = (
				6AF935DD2448EF6700BC2EA4 /* FoodPages_UITests.swift in Sources */,
			);
			runOnlyForDeploymentPostprocessing = 0;
		};
/* End PBXSourcesBuildPhase section */

/* Begin PBXTargetDependency section */
		6AF935CF2448EF6700BC2EA4 /* PBXTargetDependency */ = {
			isa = PBXTargetDependency;
			target = 6AF935B62448EF6400BC2EA4 /* FoodPages! */;
			targetProxy = 6AF935CE2448EF6700BC2EA4 /* PBXContainerItemProxy */;
		};
		6AF935DA2448EF6700BC2EA4 /* PBXTargetDependency */ = {
			isa = PBXTargetDependency;
			target = 6AF935B62448EF6400BC2EA4 /* FoodPages! */;
			targetProxy = 6AF935D92448EF6700BC2EA4 /* PBXContainerItemProxy */;
		};
/* End PBXTargetDependency section */

/* Begin PBXVariantGroup section */
		6AF935C02448EF6400BC2EA4 /* Main.storyboard */ = {
			isa = PBXVariantGroup;
			children = (
				6AF935C12448EF6400BC2EA4 /* Base */,
			);
			name = Main.storyboard;
			sourceTree = "<group>";
		};
		6AF935C52448EF6600BC2EA4 /* LaunchScreen.storyboard */ = {
			isa = PBXVariantGroup;
			children = (
				6AF935C62448EF6600BC2EA4 /* Base */,
			);
			name = LaunchScreen.storyboard;
			sourceTree = "<group>";
		};
/* End PBXVariantGroup section */

/* Begin XCBuildConfiguration section */
		6AF935DF2448EF6700BC2EA4 /* Debug */ = {
			isa = XCBuildConfiguration;
			buildSettings = {
				ALWAYS_SEARCH_USER_PATHS = NO;
				CLANG_ANALYZER_NONNULL = YES;
				CLANG_ANALYZER_NUMBER_OBJECT_CONVERSION = YES_AGGRESSIVE;
				CLANG_CXX_LANGUAGE_STANDARD = "gnu++14";
				CLANG_CXX_LIBRARY = "libc++";
				CLANG_ENABLE_MODULES = YES;
				CLANG_ENABLE_OBJC_ARC = YES;
				CLANG_ENABLE_OBJC_WEAK = YES;
				CLANG_WARN_BLOCK_CAPTURE_AUTORELEASING = YES;
				CLANG_WARN_BOOL_CONVERSION = YES;
				CLANG_WARN_COMMA = YES;
				CLANG_WARN_CONSTANT_CONVERSION = YES;
				CLANG_WARN_DEPRECATED_OBJC_IMPLEMENTATIONS = YES;
				CLANG_WARN_DIRECT_OBJC_ISA_USAGE = YES_ERROR;
				CLANG_WARN_DOCUMENTATION_COMMENTS = YES;
				CLANG_WARN_EMPTY_BODY = YES;
				CLANG_WARN_ENUM_CONVERSION = YES;
				CLANG_WARN_INFINITE_RECURSION = YES;
				CLANG_WARN_INT_CONVERSION = YES;
				CLANG_WARN_NON_LITERAL_NULL_CONVERSION = YES;
				CLANG_WARN_OBJC_IMPLICIT_RETAIN_SELF = YES;
				CLANG_WARN_OBJC_LITERAL_CONVERSION = YES;
				CLANG_WARN_OBJC_ROOT_CLASS = YES_ERROR;
				CLANG_WARN_RANGE_LOOP_ANALYSIS = YES;
				CLANG_WARN_STRICT_PROTOTYPES = YES;
				CLANG_WARN_SUSPICIOUS_MOVE = YES;
				CLANG_WARN_UNGUARDED_AVAILABILITY = YES_AGGRESSIVE;
				CLANG_WARN_UNREACHABLE_CODE = YES;
				CLANG_WARN__DUPLICATE_METHOD_MATCH = YES;
				COPY_PHASE_STRIP = NO;
				DEBUG_INFORMATION_FORMAT = dwarf;
				ENABLE_STRICT_OBJC_MSGSEND = YES;
				ENABLE_TESTABILITY = YES;
				GCC_C_LANGUAGE_STANDARD = gnu11;
				GCC_DYNAMIC_NO_PIC = NO;
				GCC_NO_COMMON_BLOCKS = YES;
				GCC_OPTIMIZATION_LEVEL = 0;
				GCC_PREPROCESSOR_DEFINITIONS = (
					"DEBUG=1",
					"$(inherited)",
				);
				GCC_WARN_64_TO_32_BIT_CONVERSION = YES;
				GCC_WARN_ABOUT_RETURN_TYPE = YES_ERROR;
				GCC_WARN_UNDECLARED_SELECTOR = YES;
				GCC_WARN_UNINITIALIZED_AUTOS = YES_AGGRESSIVE;
				GCC_WARN_UNUSED_FUNCTION = YES;
				GCC_WARN_UNUSED_VARIABLE = YES;
				IPHONEOS_DEPLOYMENT_TARGET = 13.2;
				MTL_ENABLE_DEBUG_INFO = INCLUDE_SOURCE;
				MTL_FAST_MATH = YES;
				ONLY_ACTIVE_ARCH = YES;
				SDKROOT = iphoneos;
				SWIFT_ACTIVE_COMPILATION_CONDITIONS = DEBUG;
				SWIFT_OPTIMIZATION_LEVEL = "-Onone";
			};
			name = Debug;
		};
		6AF935E02448EF6700BC2EA4 /* Release */ = {
			isa = XCBuildConfiguration;
			buildSettings = {
				ALWAYS_SEARCH_USER_PATHS = NO;
				CLANG_ANALYZER_NONNULL = YES;
				CLANG_ANALYZER_NUMBER_OBJECT_CONVERSION = YES_AGGRESSIVE;
				CLANG_CXX_LANGUAGE_STANDARD = "gnu++14";
				CLANG_CXX_LIBRARY = "libc++";
				CLANG_ENABLE_MODULES = YES;
				CLANG_ENABLE_OBJC_ARC = YES;
				CLANG_ENABLE_OBJC_WEAK = YES;
				CLANG_WARN_BLOCK_CAPTURE_AUTORELEASING = YES;
				CLANG_WARN_BOOL_CONVERSION = YES;
				CLANG_WARN_COMMA = YES;
				CLANG_WARN_CONSTANT_CONVERSION = YES;
				CLANG_WARN_DEPRECATED_OBJC_IMPLEMENTATIONS = YES;
				CLANG_WARN_DIRECT_OBJC_ISA_USAGE = YES_ERROR;
				CLANG_WARN_DOCUMENTATION_COMMENTS = YES;
				CLANG_WARN_EMPTY_BODY = YES;
				CLANG_WARN_ENUM_CONVERSION = YES;
				CLANG_WARN_INFINITE_RECURSION = YES;
				CLANG_WARN_INT_CONVERSION = YES;
				CLANG_WARN_NON_LITERAL_NULL_CONVERSION = YES;
				CLANG_WARN_OBJC_IMPLICIT_RETAIN_SELF = YES;
				CLANG_WARN_OBJC_LITERAL_CONVERSION = YES;
				CLANG_WARN_OBJC_ROOT_CLASS = YES_ERROR;
				CLANG_WARN_RANGE_LOOP_ANALYSIS = YES;
				CLANG_WARN_STRICT_PROTOTYPES = YES;
				CLANG_WARN_SUSPICIOUS_MOVE = YES;
				CLANG_WARN_UNGUARDED_AVAILABILITY = YES_AGGRESSIVE;
				CLANG_WARN_UNREACHABLE_CODE = YES;
				CLANG_WARN__DUPLICATE_METHOD_MATCH = YES;
				COPY_PHASE_STRIP = NO;
				DEBUG_INFORMATION_FORMAT = "dwarf-with-dsym";
				ENABLE_NS_ASSERTIONS = NO;
				ENABLE_STRICT_OBJC_MSGSEND = YES;
				GCC_C_LANGUAGE_STANDARD = gnu11;
				GCC_NO_COMMON_BLOCKS = YES;
				GCC_WARN_64_TO_32_BIT_CONVERSION = YES;
				GCC_WARN_ABOUT_RETURN_TYPE = YES_ERROR;
				GCC_WARN_UNDECLARED_SELECTOR = YES;
				GCC_WARN_UNINITIALIZED_AUTOS = YES_AGGRESSIVE;
				GCC_WARN_UNUSED_FUNCTION = YES;
				GCC_WARN_UNUSED_VARIABLE = YES;
				IPHONEOS_DEPLOYMENT_TARGET = 13.2;
				MTL_ENABLE_DEBUG_INFO = NO;
				MTL_FAST_MATH = YES;
				SDKROOT = iphoneos;
				SWIFT_COMPILATION_MODE = wholemodule;
				SWIFT_OPTIMIZATION_LEVEL = "-O";
				VALIDATE_PRODUCT = YES;
			};
			name = Release;
		};
		6AF935E22448EF6700BC2EA4 /* Debug */ = {
			isa = XCBuildConfiguration;
			buildSettings = {
				ASSETCATALOG_COMPILER_APPICON_NAME = AppIcon;
				CODE_SIGN_STYLE = Automatic;
				INFOPLIST_FILE = "FoodPages!/Info.plist";
				LD_RUNPATH_SEARCH_PATHS = (
					"$(inherited)",
					"@executable_path/Frameworks",
				);
				PRODUCT_BUNDLE_IDENTIFIER = "karpoozi.FoodPages-";
				PRODUCT_NAME = "$(TARGET_NAME)";
				SWIFT_VERSION = 5.0;
				TARGETED_DEVICE_FAMILY = "1,2";
			};
			name = Debug;
		};
		6AF935E32448EF6700BC2EA4 /* Release */ = {
			isa = XCBuildConfiguration;
			buildSettings = {
				ASSETCATALOG_COMPILER_APPICON_NAME = AppIcon;
				CODE_SIGN_STYLE = Automatic;
				INFOPLIST_FILE = "FoodPages!/Info.plist";
				LD_RUNPATH_SEARCH_PATHS = (
					"$(inherited)",
					"@executable_path/Frameworks",
				);
				PRODUCT_BUNDLE_IDENTIFIER = "karpoozi.FoodPages-";
				PRODUCT_NAME = "$(TARGET_NAME)";
				SWIFT_VERSION = 5.0;
				TARGETED_DEVICE_FAMILY = "1,2";
			};
			name = Release;
		};
		6AF935E52448EF6700BC2EA4 /* Debug */ = {
			isa = XCBuildConfiguration;
			buildSettings = {
				ALWAYS_EMBED_SWIFT_STANDARD_LIBRARIES = YES;
				BUNDLE_LOADER = "$(TEST_HOST)";
				CODE_SIGN_STYLE = Automatic;
				INFOPLIST_FILE = "FoodPages!Tests/Info.plist";
				IPHONEOS_DEPLOYMENT_TARGET = 13.2;
				LD_RUNPATH_SEARCH_PATHS = (
					"$(inherited)",
					"@executable_path/Frameworks",
					"@loader_path/Frameworks",
				);
				PRODUCT_BUNDLE_IDENTIFIER = "karpoozi.FoodPages-Tests";
				PRODUCT_NAME = "$(TARGET_NAME)";
				SWIFT_VERSION = 5.0;
				TARGETED_DEVICE_FAMILY = "1,2";
				TEST_HOST = "$(BUILT_PRODUCTS_DIR)/FoodPages!.app/FoodPages!";
			};
			name = Debug;
		};
		6AF935E62448EF6700BC2EA4 /* Release */ = {
			isa = XCBuildConfiguration;
			buildSettings = {
				ALWAYS_EMBED_SWIFT_STANDARD_LIBRARIES = YES;
				BUNDLE_LOADER = "$(TEST_HOST)";
				CODE_SIGN_STYLE = Automatic;
				INFOPLIST_FILE = "FoodPages!Tests/Info.plist";
				IPHONEOS_DEPLOYMENT_TARGET = 13.2;
				LD_RUNPATH_SEARCH_PATHS = (
					"$(inherited)",
					"@executable_path/Frameworks",
					"@loader_path/Frameworks",
				);
				PRODUCT_BUNDLE_IDENTIFIER = "karpoozi.FoodPages-Tests";
				PRODUCT_NAME = "$(TARGET_NAME)";
				SWIFT_VERSION = 5.0;
				TARGETED_DEVICE_FAMILY = "1,2";
				TEST_HOST = "$(BUILT_PRODUCTS_DIR)/FoodPages!.app/FoodPages!";
			};
			name = Release;
		};
		6AF935E82448EF6700BC2EA4 /* Debug */ = {
			isa = XCBuildConfiguration;
			buildSettings = {
				ALWAYS_EMBED_SWIFT_STANDARD_LIBRARIES = YES;
				CODE_SIGN_STYLE = Automatic;
				INFOPLIST_FILE = "FoodPages!UITests/Info.plist";
				LD_RUNPATH_SEARCH_PATHS = (
					"$(inherited)",
					"@executable_path/Frameworks",
					"@loader_path/Frameworks",
				);
				PRODUCT_BUNDLE_IDENTIFIER = "karpoozi.FoodPages-UITests";
				PRODUCT_NAME = "$(TARGET_NAME)";
				SWIFT_VERSION = 5.0;
				TARGETED_DEVICE_FAMILY = "1,2";
				TEST_TARGET_NAME = "FoodPages!";
			};
			name = Debug;
		};
		6AF935E92448EF6700BC2EA4 /* Release */ = {
			isa = XCBuildConfiguration;
			buildSettings = {
				ALWAYS_EMBED_SWIFT_STANDARD_LIBRARIES = YES;
				CODE_SIGN_STYLE = Automatic;
				INFOPLIST_FILE = "FoodPages!UITests/Info.plist";
				LD_RUNPATH_SEARCH_PATHS = (
					"$(inherited)",
					"@executable_path/Frameworks",
					"@loader_path/Frameworks",
				);
				PRODUCT_BUNDLE_IDENTIFIER = "karpoozi.FoodPages-UITests";
				PRODUCT_NAME = "$(TARGET_NAME)";
				SWIFT_VERSION = 5.0;
				TARGETED_DEVICE_FAMILY = "1,2";
				TEST_TARGET_NAME = "FoodPages!";
			};
			name = Release;
		};
/* End XCBuildConfiguration section */

/* Begin XCConfigurationList section */
		6AF935B22448EF6400BC2EA4 /* Build configuration list for PBXProject "FoodPages!" */ = {
			isa = XCConfigurationList;
			buildConfigurations = (
				6AF935DF2448EF6700BC2EA4 /* Debug */,
				6AF935E02448EF6700BC2EA4 /* Release */,
			);
			defaultConfigurationIsVisible = 0;
			defaultConfigurationName = Release;
		};
		6AF935E12448EF6700BC2EA4 /* Build configuration list for PBXNativeTarget "FoodPages!" */ = {
			isa = XCConfigurationList;
			buildConfigurations = (
				6AF935E22448EF6700BC2EA4 /* Debug */,
				6AF935E32448EF6700BC2EA4 /* Release */,
			);
			defaultConfigurationIsVisible = 0;
			defaultConfigurationName = Release;
		};
		6AF935E42448EF6700BC2EA4 /* Build configuration list for PBXNativeTarget "FoodPages!Tests" */ = {
			isa = XCConfigurationList;
			buildConfigurations = (
				6AF935E52448EF6700BC2EA4 /* Debug */,
				6AF935E62448EF6700BC2EA4 /* Release */,
			);
			defaultConfigurationIsVisible = 0;
			defaultConfigurationName = Release;
		};
		6AF935E72448EF6700BC2EA4 /* Build configuration list for PBXNativeTarget "FoodPages!UITests" */ = {
			isa = XCConfigurationList;
			buildConfigurations = (
				6AF935E82448EF6700BC2EA4 /* Debug */,
				6AF935E92448EF6700BC2EA4 /* Release */,
			);
			defaultConfigurationIsVisible = 0;
			defaultConfigurationName = Release;
		};
/* End XCConfigurationList section */
	};
	rootObject = 6AF935AF2448EF6400BC2EA4 /* Project object */;
}
